version: 1
packages:
  hve-core:
    type: git
    repo: https://github.com/microsoft/hve-core.git
    requested: hve-core-v3.2.2
    resolved: e69486a5f809ede45c63c0a31358c12912bd5168
    latest: e69486a5f809ede45c63c0a31358c12912bd5168
artifacts:
  copilot-instructions:
    kind: agent
    target: .github/copilot-instructions.md
    outputs:
      - path: .github/copilot-instructions.md
        type: file
        regenerate: npm run ai-artifacts:sync
    steps:
      - index: 0
        type: render
        from: hve-core:.github/copilot-instructions.md
        to: .github/copilot-instructions.md
        sourceHash: sha256:4de632cc2a360a46f72d3d6e3e4a66fc7ed3e6b7f0c10f3f938398860a483cac
        overlayHash: sha256:e19869dede315a0c7acffb4b6e14daeb2eff6bb1b980f2af1bce172677c54c68
        generatedHash: sha256:ec7d9ef87499052e974ddcc7d38ac7a350e9ebc9d04caa81f29e7cc5ca4612c0
  claude-instructions:
    kind: agent
    target: CLAUDE.md
    outputs:
      - path: CLAUDE.md
        type: symlink
        regenerate: npm run ai-artifacts:sync
    steps:
      - index: 0
        type: link
        target: AGENTS.md
        to: CLAUDE.md
        generatedHash: sha256:a54ff182c7e8acf56acfd6e4b9c3ff41e2c41a31c9b211b2deb9df75d9a478f9
  claude-commands:
    kind: config
    target: .claude/commands
    outputs:
      - path: .claude/commands
        type: symlink
        regenerate: npm run ai-artifacts:sync
    steps:
      - index: 0
        type: link
        target: .github/skills
        to: .claude/commands
        generatedHash: sha256:e1863d3087a3b0a106ce13a5d1adb5e548f5c9e3ed500913c8b1cc104f938927
  claude-hooks:
    kind: hooks
    targetDir: .claude
    outputs:
      - path: .claude/hooks/validate-on-edit.js
        type: fileCopy
        regenerate: npm run ai-artifacts:sync
      - path: .claude/hooks/validate-on-stop.js
        type: fileCopy
        regenerate: npm run ai-artifacts:sync
      - path: .claude/settings.json
        type: fileCopy
        regenerate: npm run ai-artifacts:sync
    steps:
      - index: 0
        type: copy
        from: root:.github/hooks/claude/validate-on-edit.js
        to: hooks/validate-on-edit.js
        sourceHash: sha256:3d976a2310be9c4c7daf69c3ac0f432cb8429fc7d008012e88e596c5a443df48
        generatedHash: sha256:3d976a2310be9c4c7daf69c3ac0f432cb8429fc7d008012e88e596c5a443df48
      - index: 1
        type: copy
        from: root:.github/hooks/claude/validate-on-stop.js
        to: hooks/validate-on-stop.js
        sourceHash: sha256:a2fd32ad324f86118df2b78974d27d5087e7b4ec83d289a4888349941adf3d07
        generatedHash: sha256:a2fd32ad324f86118df2b78974d27d5087e7b4ec83d289a4888349941adf3d07
      - index: 2
        type: copy
        from: root:.github/hooks/claude/settings.json
        to: settings.json
        sourceHash: sha256:f34eb169642289f98e14bc1edb665a0a327924d2389df8ad64537b750da97f14
        generatedHash: sha256:f34eb169642289f98e14bc1edb665a0a327924d2389df8ad64537b750da97f14
  opencode-skills:
    kind: config
    target: .opencode/skills
    outputs:
      - path: .opencode/skills
        type: symlink
        regenerate: npm run ai-artifacts:sync
    steps:
      - index: 0
        type: link
        target: .github/skills
        to: .opencode/skills
        generatedHash: sha256:e1863d3087a3b0a106ce13a5d1adb5e548f5c9e3ed500913c8b1cc104f938927
  opencode-agents:
    kind: config
    target: .opencode/agent
    outputs:
      - path: .opencode/agent
        type: symlink
        regenerate: npm run ai-artifacts:sync
    steps:
      - index: 0
        type: link
        target: .github/agent
        to: .opencode/agent
        generatedHash: sha256:9a6ee9bf01bdd69a74cb506fef667514378b0e798fc1d2567818e077618b9d42
  task-research-guidelines:
    kind: skill
    targetDir: .github/skills/task-research-guidelines
    outputs:
      - path: .github/skills/task-research-guidelines/SKILL.md
        type: file
        regenerate: npm run ai-artifacts:sync
    steps:
      - index: 0
        type: render
        from: hve-core:.github/prompts/hve-core/task-research.prompt.md
        to: SKILL.md
        sourceHash: sha256:02b0a435c4a4aaeadef92a5e0f4844521c1ef2df889d42f93958be40e267f960
        overlayHash: sha256:58a1fc722744f7a9b5c7594621c415bb46020e6a1ec4b00e8979a68a5ea21c72
        generatedHash: sha256:6494e590d9d707ece25eb377e8a99669432878d9542dd92196d7ab07add0962d
  task-plan-guidelines:
    kind: skill
    targetDir: .github/skills/task-plan-guidelines
    outputs:
      - path: .github/skills/task-plan-guidelines/SKILL.md
        type: file
        regenerate: npm run ai-artifacts:sync
    steps:
      - index: 0
        type: render
        from: hve-core:.github/prompts/hve-core/task-plan.prompt.md
        to: SKILL.md
        sourceHash: sha256:c96128a216df420552d48893893094e753633f633e0d6449612a45056d3fa734
        overlayHash: sha256:58a1fc722744f7a9b5c7594621c415bb46020e6a1ec4b00e8979a68a5ea21c72
        generatedHash: sha256:797da23dc54ef8035829fe702d3b4382833f0bf4a7acf9907486e28e33113cfe
  task-implement-guidelines:
    kind: skill
    targetDir: .github/skills/task-implement-guidelines
    outputs:
      - path: .github/skills/task-implement-guidelines/SKILL.md
        type: file
        regenerate: npm run ai-artifacts:sync
    steps:
      - index: 0
        type: render
        from: hve-core:.github/prompts/hve-core/task-implement.prompt.md
        to: SKILL.md
        sourceHash: sha256:d2cc2b7bbaefa6eeab176268bceadbec2e4f890fbfa30f73cbb6acab9f988d1c
        overlayHash: sha256:58a1fc722744f7a9b5c7594621c415bb46020e6a1ec4b00e8979a68a5ea21c72
        generatedHash: sha256:d3e35674021b65806595ebdea16fe92e6656e89bfd3dce6b8271a7033bb32766
  task-review-checklist:
    kind: skill
    targetDir: .github/skills/task-review-checklist
    outputs:
      - path: .github/skills/task-review-checklist/SKILL.md
        type: file
        regenerate: npm run ai-artifacts:sync
    steps:
      - index: 0
        type: render
        from: hve-core:.github/prompts/hve-core/task-review.prompt.md
        to: SKILL.md
        sourceHash: sha256:1ca0d8a0a9f707e06829bdeb5858ad0f0b3db5fe9bf76d5d1d897f67b3d185b7
        overlayHash: sha256:58a1fc722744f7a9b5c7594621c415bb46020e6a1ec4b00e8979a68a5ea21c72
        generatedHash: sha256:18573a85a314f7c60fcf4305e425fd3258a359fa655e49569c680f5eba8861f3
  prompt-build:
    kind: skill
    targetDir: .github/skills/prompt-build
    outputs:
      - path: .github/skills/prompt-build/SKILL.md
        type: file
        regenerate: npm run ai-artifacts:sync
    steps:
      - index: 0
        type: render
        from: hve-core:.github/prompts/hve-core/prompt-build.prompt.md
        to: SKILL.md
        sourceHash: sha256:b89c1567aa5e6ce4267c58ac200d4dd6bbb8d94681b8475fd5f92524738085fc
        overlayHash: sha256:71f8c14b2dfd1063092ce38bf528e370fa91f4ad604f603d00766e11be1c96de
        generatedHash: sha256:3c18a8e9b6120ca14e6a14a41f48c53645ab60e7ea14737b3fd2879506adfc5d
  prompt-analyze:
    kind: skill
    targetDir: .github/skills/prompt-analyze
    outputs:
      - path: .github/skills/prompt-analyze/SKILL.md
        type: file
        regenerate: npm run ai-artifacts:sync
    steps:
      - index: 0
        type: render
        from: hve-core:.github/prompts/hve-core/prompt-analyze.prompt.md
        to: SKILL.md
        sourceHash: sha256:72dcb0b8a14bf44ba3f603cf1e13c3b11b82672436edde2c25da51772547f9ae
        overlayHash: sha256:71f8c14b2dfd1063092ce38bf528e370fa91f4ad604f603d00766e11be1c96de
        generatedHash: sha256:79a337783420ab938e79cda68c30529a6d9bf74b775803026e7e5b59a0d3930b
  prompt-refactor:
    kind: skill
    targetDir: .github/skills/prompt-refactor
    outputs:
      - path: .github/skills/prompt-refactor/SKILL.md
        type: file
        regenerate: npm run ai-artifacts:sync
    steps:
      - index: 0
        type: render
        from: hve-core:.github/prompts/hve-core/prompt-refactor.prompt.md
        to: SKILL.md
        sourceHash: sha256:409ba0de3598c18c6f224324c67737c14d9e1aeabf04b5a733b0309de136ed37
        overlayHash: sha256:71f8c14b2dfd1063092ce38bf528e370fa91f4ad604f603d00766e11be1c96de
        generatedHash: sha256:e97adeb1c4e6824c805cedb233dc06a2120219319b109696ddb4e02632a27e18
  doc-ops-update:
    kind: skill
    targetDir: .github/skills/doc-ops-update
    outputs:
      - path: .github/skills/doc-ops-update/SKILL.md
        type: file
        regenerate: npm run ai-artifacts:sync
    steps:
      - index: 0
        type: render
        from: hve-core:.github/prompts/hve-core/doc-ops-update.prompt.md
        to: SKILL.md
        sourceHash: sha256:3d15fd5af3ccacc64312331ac7395150f22c01c7ba67fd1faf449d7433de99a8
        overlayHash: sha256:a086a74ac5f3a9c7c6c970f2413dddd7e0df39fa6745c7463ff1e97d110193a8
        generatedHash: sha256:7a0bc52a5e6159e775484ef821a5e4b38a077f219929284d68deb3c05dcc637d
